# Files vendored from other repositories and kept byte-equal to their source by
# vendor-sync.sh, one per line: LOCAL OWNER/REPO PATH COMMIT BLOB [manual]. Never edit a
# copy in place: change it at its source and let the weekly cascade bring it back. How it
# works: references/bump-cascade.md in https://github.com/rokokol/ci-skill
vendor-sync.sh rokokol/ci-skill templates/vendor-sync.sh 974454004b06e09b0af67485f0781eb87afc3c11 65748845239e8495855de9e11fb36dd633c372c6
check-pins.sh rokokol/ci-skill templates/check-pins.sh 1dbd9b97478cbdf5f15468e79ff38969785f96a4 f44a172369006a0aae79f4a4f0f1d6e6afde2203
.github/workflows/vendor-sync.yml rokokol/ci-skill templates/github/workflows/vendor-sync.yml d55020ab3ca780ea6299336d923b8a3fcb8f491d a5bde77f98d55a43b2c993f4c96a952e0b68010d manual
check-sh.sh rokokol/bash-best-practices-skill check-sh.sh fa8434ffd7d96ffc745958880813839b503150a7 dfcb3826642e10a91add2a34eba00b2825f5b76a
check-skill.sh rokokol/skill-authoring-skill check-skill.sh 0cf2ea356696ff508694e15e11856bae2cbdb5d1 5f716f5461af496dd66837427b1c2f40c78537fd
