# Files vendored from other repositories and kept byte-equal to their source by
# vendor-sync.sh, one per line: LOCAL OWNER/REPO PATH COMMIT BLOB [manual]. Never edit a
# copy in place: change it at its source and let the weekly cascade bring it back. How it
# works: references/bump-cascade.md in https://github.com/rokokol/ci-skill
vendor-sync.sh rokokol/ci-skill templates/vendor-sync.sh 9760709ce4a6879d53029d7ca984d2af64516c38 722bf9770b87fb850c91d845475a5bb64640fb3c
check-pins.sh rokokol/ci-skill templates/check-pins.sh 1dbd9b97478cbdf5f15468e79ff38969785f96a4 f44a172369006a0aae79f4a4f0f1d6e6afde2203
.github/workflows/vendor-sync.yml rokokol/ci-skill templates/github/workflows/vendor-sync.yml d55020ab3ca780ea6299336d923b8a3fcb8f491d a5bde77f98d55a43b2c993f4c96a952e0b68010d manual
check-sh.sh rokokol/bash-best-practices-skill check-sh.sh 51d2527e3c71c33ad21802b15d07207e580544dc 24e11239bd25f48ff7b442ee211385764f0de1bb
check-skill.sh rokokol/skill-authoring-skill check-skill.sh 4c594998190f36785b290a4013acf0cb53d7fc4a 70e838cfb4ad0c68250811c98230c085ce4853fc
check-prose.sh rokokol/create-readme-skill check-prose.sh 1dbcbfc2ae8aed1c7c20f9a0073a67b27d2343af 9351eb6a26387e635f7847dcfa824b1a0dde6ee0
